
Microsoft Visual Studio Solution File, Format Version 12.00
# Visual Studio Version 17
VisualStudioVersion = 17.1.32421.90
MinimumVisualStudioVersion = 10.0.40219.1
Project("{FAE04EC0-301F-11D3-BF4B-00C04F79EFBC}") = "ProductCatalogue", "ProductCatalogue\ProductCatalogue.csproj", "{46FE8966-224B-46A5-9F33-9000983B6983}"
EndProject
Global
	GlobalSection(SolutionConfigurationPlatforms) = preSolution
		Debug|Any CPU = Debug|Any CPU
		Release|Any CPU = Release|Any CPU
	EndGlobalSection
	GlobalSection(ProjectConfigurationPlatforms) = postSolution
		{46FE8966-224B-46A5-9F33-9000983B6983}.Debug|Any CPU.ActiveCfg = Debug|Any CPU
		{46FE8966-224B-46A5-9F33-9000983B6983}.Debug|Any CPU.Build.0 = Debug|Any CPU
		{46FE8966-224B-46A5-9F33-9000983B6983}.Release|Any CPU.ActiveCfg = Release|Any CPU
		{46FE8966-224B-46A5-9F33-9000983B6983}.Release|Any CPU.Build.0 = Release|Any CPU
	EndGlobalSection
	GlobalSection(SolutionProperties) = preSolution
		HideSolutionNode = FALSE
	EndGlobalSection
	GlobalSection(ExtensibilityGlobals) = postSolution
		SolutionGuid = {0394F428-8379-4052-B74D-376A958AC440}
	EndGlobalSection
EndGlobal
